lockfileVersion: '9.0'

settings:
  autoInstallPeers: true
  excludeLinksFromLockfile: false

importers:

  .:
    devDependencies:
      '@dimforge/rapier3d-compat':
        specifier: ^0.21.0
        version: 0.21.0
      three:
        specifier: ^0.186.1
        version: 0.186.1

packages:

  '@dimforge/rapier3d-compat@0.21.0':
    resolution: {integrity: sha512-tCl1HPGwOhn5aCQbgqWbOH+Nx/5fnr3IPAnzQuR7zIhC/raqi2yxC6LhvZqjdI2El5hQgY5RDAwDrAjAi2FdPA==}

  three@0.186.1:
    resolution: {integrity: sha512-blFeqb49wRCSGUGj7gtpfnSGHy2lwDk94RhUmS1c/hTby70kvChbWpkJ4Pm1390LqzzvTmzgXKHPEafJwCb8jA==}

snapshots:

  '@dimforge/rapier3d-compat@0.21.0': {}

  three@0.186.1: {}
